{
  "originHash" : "28f2bbb062eabf0ac68f2912108324ae414a8c71fc22ca12ac5668f18b35fa16",
  "pins" : [
    {
      "identity" : "feedkit",
      "kind" : "remoteSourceControl",
      "location" : "https://github.com/nmdias/FeedKit.git",
      "state" : {
        "revision" : "fbae69b140f6fc429cdbd3d9b06007f71f4ec1e8",
        "version" : "10.5.0"
      }
    },
    {
      "identity" : "vlckit",
      "kind" : "remoteSourceControl",
      "location" : "https://github.com/videolan/vlckit.git",
      "state" : {
        "revision" : "440dc1df19d181b500ae414762671701d192bcf8"
      }
    }
  ],
  "version" : 3
}
